
Microsoft Visual Studio Solution File, Format Version 12.00
# Visual Studio Version 17
VisualStudioVersion = 17.2.32526.322
MinimumVisualStudioVersion = 10.0.40219.1
Project("{8BC9CEB8-8B4A-11D0-8D11-00A0C91BC942}") = "RoomReservation", "RoomReservation\RoomReservation.vcxproj", "{386A5B3B-F875-4D38-BA82-075B71A75260}"
EndProject
Global
	GlobalSection(SolutionConfigurationPlatforms) = preSolution
		Debug|x64 = Debug|x64
		Debug|x86 = Debug|x86
		Release|x64 = Release|x64
		Release|x86 = Release|x86
	EndGlobalSection
	GlobalSection(ProjectConfigurationPlatforms) = postSolution
		{386A5B3B-F875-4D38-BA82-075B71A75260}.Debug|x64.ActiveCfg = Debug|x64
		{386A5B3B-F875-4D38-BA82-075B71A75260}.Debug|x64.Build.0 = Debug|x64
		{386A5B3B-F875-4D38-BA82-075B71A75260}.Debug|x86.ActiveCfg = Debug|Win32
		{386A5B3B-F875-4D38-BA82-075B71A75260}.Debug|x86.Build.0 = Debug|Win32
		{386A5B3B-F875-4D38-BA82-075B71A75260}.Release|x64.ActiveCfg = Release|x64
		{386A5B3B-F875-4D38-BA82-075B71A75260}.Release|x64.Build.0 = Release|x64
		{386A5B3B-F875-4D38-BA82-075B71A75260}.Release|x86.ActiveCfg = Release|Win32
		{386A5B3B-F875-4D38-BA82-075B71A75260}.Release|x86.Build.0 = Release|Win32
	EndGlobalSection
	GlobalSection(SolutionProperties) = preSolution
		HideSolutionNode = FALSE
	EndGlobalSection
	GlobalSection(ExtensibilityGlobals) = postSolution
		SolutionGuid = {BD38F0EF-FCB8-47AE-B489-92E871914063}
	EndGlobalSection
EndGlobal
